
Microsoft Visual Studio Solution File, Format Version 12.00
# Visual Studio Version 16
VisualStudioVersion = 16.0.31005.135
MinimumVisualStudioVersion = 10.0.40219.1
Project("{FAE04EC0-301F-11D3-BF4B-00C04F79EFBC}") = "RunningWebAssemblyInBrowser", "RunningWebAssemblyInBrowser\RunningWebAssemblyInBrowser.csproj", "{64B3A11C-D64F-4ADC-B194-06983D6A31DB}"
EndProject
Project("{2150E333-8FDC-42A3-9474-1A3956D46DE8}") = "Solution Items", "Solution Items", "{A8298E09-A1E4-4B90-AA5B-4B8A83673421}"
	ProjectSection(SolutionItems) = preProject
		README.md = README.md
	EndProjectSection
EndProject
Project("{2150E333-8FDC-42A3-9474-1A3956D46DE8}") = "images", "images", "{CE605186-BFB3-4E48-B107-8605ADA71220}"
	ProjectSection(SolutionItems) = preProject
		images\WASM.png = images\WASM.png
	EndProjectSection
EndProject
Global
	GlobalSection(SolutionConfigurationPlatforms) = preSolution
		Debug|Any CPU = Debug|Any CPU
		Release|Any CPU = Release|Any CPU
	EndGlobalSection
	GlobalSection(ProjectConfigurationPlatforms) = postSolution
		{64B3A11C-D64F-4ADC-B194-06983D6A31DB}.Debug|Any CPU.ActiveCfg = Debug|Any CPU
		{64B3A11C-D64F-4ADC-B194-06983D6A31DB}.Debug|Any CPU.Build.0 = Debug|Any CPU
		{64B3A11C-D64F-4ADC-B194-06983D6A31DB}.Release|Any CPU.ActiveCfg = Release|Any CPU
		{64B3A11C-D64F-4ADC-B194-06983D6A31DB}.Release|Any CPU.Build.0 = Release|Any CPU
	EndGlobalSection
	GlobalSection(SolutionProperties) = preSolution
		HideSolutionNode = FALSE
	EndGlobalSection
	GlobalSection(NestedProjects) = preSolution
		{CE605186-BFB3-4E48-B107-8605ADA71220} = {A8298E09-A1E4-4B90-AA5B-4B8A83673421}
	EndGlobalSection
	GlobalSection(ExtensibilityGlobals) = postSolution
		SolutionGuid = {094587C4-4CF6-4380-A28D-022B4173806D}
	EndGlobalSection
EndGlobal
